
Microsoft Visual Studio Solution File, Format Version 12.00
# Visual Studio Version 16
VisualStudioVersion = 16.0.31729.503
MinimumVisualStudioVersion = 10.0.40219.1
Project("{9A19103F-16F7-4668-BE54-9A1E7A4F7556}") = "Paint", "Paint\Paint.csproj", "{00268006-8440-4EDF-ADE6-BF1B7058A5F6}"
EndProject
Project("{9A19103F-16F7-4668-BE54-9A1E7A4F7556}") = "Contract", "Contract\Contract.csproj", "{CCC35D83-7B65-483E-A2D3-3BE0EE783C6B}"
EndProject
Project("{9A19103F-16F7-4668-BE54-9A1E7A4F7556}") = "Line2D", "Line2D\Line2D.csproj", "{546F656C-73A1-4A2F-8DC2-44A165161E76}"
EndProject
Project("{9A19103F-16F7-4668-BE54-9A1E7A4F7556}") = "Rectangle2D", "Rectangle2D\Rectangle2D.csproj", "{A86380AB-6197-4F5C-942E-4941EE9C9FE8}"
EndProject
Project("{9A19103F-16F7-4668-BE54-9A1E7A4F7556}") = "Ellipse2D", "Ellipse2D\Ellipse2D.csproj", "{551ACC8A-F896-4F12-A41A-8EBFF19F9D30}"
EndProject
Project("{9A19103F-16F7-4668-BE54-9A1E7A4F7556}") = "Square2D", "Square2D\Square2D.csproj", "{8118478B-C1F0-4BAF-97D0-2DF0B5C9ECD8}"
EndProject
Project("{9A19103F-16F7-4668-BE54-9A1E7A4F7556}") = "Circle2D", "Circle2D\Circle2D.csproj", "{6927663B-53C7-4CA4-85E8-07679E2C4935}"
EndProject
Project("{9A19103F-16F7-4668-BE54-9A1E7A4F7556}") = "IsoscelesTriangle", "IsoscelesTriangle\IsoscelesTriangle.csproj", "{9A658300-87D2-4B26-8DD1-B2E1FD4C5B4B}"
EndProject
Project("{9A19103F-16F7-4668-BE54-9A1E7A4F7556}") = "RightTriangle", "RightTriangle\RightTriangle.csproj", "{1E59CFA1-2FCB-4DD0-A76E-11D66A85B22F}"
EndProject
Project("{9A19103F-16F7-4668-BE54-9A1E7A4F7556}") = "Diamond2D", "Diamond2D\Diamond2D.csproj", "{AFF49FB9-8660-43CC-9C7C-C3CFD48A8250}"
EndProject
Project("{9A19103F-16F7-4668-BE54-9A1E7A4F7556}") = "Pentagon2D", "Pentagon2D\Pentagon2D.csproj", "{E4269F35-44B8-47E5-8B27-6D176867642C}"
EndProject
Project("{9A19103F-16F7-4668-BE54-9A1E7A4F7556}") = "Hexagon2D", "Hexagon2D\Hexagon2D.csproj", "{F6FD6707-670F-4204-8687-D5D6DA024E80}"
EndProject
Project("{FAE04EC0-301F-11D3-BF4B-00C04F79EFBC}") = "Star2D", "Star2D\Star2D.csproj", "{673F01B6-715F-4376-928C-F83951238BFA}"
EndProject
Project("{FAE04EC0-301F-11D3-BF4B-00C04F79EFBC}") = "Heart2D", "Heart2D\Heart2D.csproj", "{0A0667CE-977A-41CB-91F5-A43639EBED8E}"
EndProject
Project("{FAE04EC0-301F-11D3-BF4B-00C04F79EFBC}") = "RoundedRectangle2D", "RoundedRectangle2D\RoundedRectangle2D.csproj", "{421FB3AF-9CF8-44F4-AB8F-C7295E6EAAC2}"
EndProject
Project("{FAE04EC0-301F-11D3-BF4B-00C04F79EFBC}") = "Sparkle2D", "Sparkle2D\Sparkle2D.csproj", "{137DFCAC-0D99-408E-ABEF-3E7EE0FFD10F}"
EndProject
Global
	GlobalSection(SolutionConfigurationPlatforms) = preSolution
		Debug|Any CPU = Debug|Any CPU
		Release|Any CPU = Release|Any CPU
	EndGlobalSection
	GlobalSection(ProjectConfigurationPlatforms) = postSolution
		{00268006-8440-4EDF-ADE6-BF1B7058A5F6}.Debug|Any CPU.ActiveCfg = Debug|Any CPU
		{00268006-8440-4EDF-ADE6-BF1B7058A5F6}.Debug|Any CPU.Build.0 = Debug|Any CPU
		{00268006-8440-4EDF-ADE6-BF1B7058A5F6}.Release|Any CPU.ActiveCfg = Release|Any CPU
		{00268006-8440-4EDF-ADE6-BF1B7058A5F6}.Release|Any CPU.Build.0 = Release|Any CPU
		{CCC35D83-7B65-483E-A2D3-3BE0EE783C6B}.Debug|Any CPU.ActiveCfg = Debug|Any CPU
		{CCC35D83-7B65-483E-A2D3-3BE0EE783C6B}.Debug|Any CPU.Build.0 = Debug|Any CPU
		{CCC35D83-7B65-483E-A2D3-3BE0EE783C6B}.Release|Any CPU.ActiveCfg = Release|Any CPU
		{CCC35D83-7B65-483E-A2D3-3BE0EE783C6B}.Release|Any CPU.Build.0 = Release|Any CPU
		{546F656C-73A1-4A2F-8DC2-44A165161E76}.Debug|Any CPU.ActiveCfg = Debug|Any CPU
		{546F656C-73A1-4A2F-8DC2-44A165161E76}.Debug|Any CPU.Build.0 = Debug|Any CPU
		{546F656C-73A1-4A2F-8DC2-44A165161E76}.Release|Any CPU.ActiveCfg = Release|Any CPU
		{546F656C-73A1-4A2F-8DC2-44A165161E76}.Release|Any CPU.Build.0 = Release|Any CPU
		{A86380AB-6197-4F5C-942E-4941EE9C9FE8}.Debug|Any CPU.ActiveCfg = Debug|Any CPU
		{A86380AB-6197-4F5C-942E-4941EE9C9FE8}.Debug|Any CPU.Build.0 = Debug|Any CPU
		{A86380AB-6197-4F5C-942E-4941EE9C9FE8}.Release|Any CPU.ActiveCfg = Release|Any CPU
		{A86380AB-6197-4F5C-942E-4941EE9C9FE8}.Release|Any CPU.Build.0 = Release|Any CPU
		{551ACC8A-F896-4F12-A41A-8EBFF19F9D30}.Debug|Any CPU.ActiveCfg = Debug|Any CPU
		{551ACC8A-F896-4F12-A41A-8EBFF19F9D30}.Debug|Any CPU.Build.0 = Debug|Any CPU
		{551ACC8A-F896-4F12-A41A-8EBFF19F9D30}.Release|Any CPU.ActiveCfg = Release|Any CPU
		{551ACC8A-F896-4F12-A41A-8EBFF19F9D30}.Release|Any CPU.Build.0 = Release|Any CPU
		{8118478B-C1F0-4BAF-97D0-2DF0B5C9ECD8}.Debug|Any CPU.ActiveCfg = Debug|Any CPU
		{8118478B-C1F0-4BAF-97D0-2DF0B5C9ECD8}.Debug|Any CPU.Build.0 = Debug|Any CPU
		{8118478B-C1F0-4BAF-97D0-2DF0B5C9ECD8}.Release|Any CPU.ActiveCfg = Release|Any CPU
		{8118478B-C1F0-4BAF-97D0-2DF0B5C9ECD8}.Release|Any CPU.Build.0 = Release|Any CPU
		{6927663B-53C7-4CA4-85E8-07679E2C4935}.Debug|Any CPU.ActiveCfg = Debug|Any CPU
		{6927663B-53C7-4CA4-85E8-07679E2C4935}.Debug|Any CPU.Build.0 = Debug|Any CPU
		{6927663B-53C7-4CA4-85E8-07679E2C4935}.Release|Any CPU.ActiveCfg = Release|Any CPU
		{6927663B-53C7-4CA4-85E8-07679E2C4935}.Release|Any CPU.Build.0 = Release|Any CPU
		{9A658300-87D2-4B26-8DD1-B2E1FD4C5B4B}.Debug|Any CPU.ActiveCfg = Debug|Any CPU
		{9A658300-87D2-4B26-8DD1-B2E1FD4C5B4B}.Debug|Any CPU.Build.0 = Debug|Any CPU
		{9A658300-87D2-4B26-8DD1-B2E1FD4C5B4B}.Release|Any CPU.ActiveCfg = Release|Any CPU
		{9A658300-87D2-4B26-8DD1-B2E1FD4C5B4B}.Release|Any CPU.Build.0 = Release|Any CPU
		{1E59CFA1-2FCB-4DD0-A76E-11D66A85B22F}.Debug|Any CPU.ActiveCfg = Debug|Any CPU
		{1E59CFA1-2FCB-4DD0-A76E-11D66A85B22F}.Debug|Any CPU.Build.0 = Debug|Any CPU
		{1E59CFA1-2FCB-4DD0-A76E-11D66A85B22F}.Release|Any CPU.ActiveCfg = Release|Any CPU
		{1E59CFA1-2FCB-4DD0-A76E-11D66A85B22F}.Release|Any CPU.Build.0 = Release|Any CPU
		{AFF49FB9-8660-43CC-9C7C-C3CFD48A8250}.Debug|Any CPU.ActiveCfg = Debug|Any CPU
		{AFF49FB9-8660-43CC-9C7C-C3CFD48A8250}.Debug|Any CPU.Build.0 = Debug|Any CPU
		{AFF49FB9-8660-43CC-9C7C-C3CFD48A8250}.Release|Any CPU.ActiveCfg = Release|Any CPU
		{AFF49FB9-8660-43CC-9C7C-C3CFD48A8250}.Release|Any CPU.Build.0 = Release|Any CPU
		{E4269F35-44B8-47E5-8B27-6D176867642C}.Debug|Any CPU.ActiveCfg = Debug|Any CPU
		{E4269F35-44B8-47E5-8B27-6D176867642C}.Debug|Any CPU.Build.0 = Debug|Any CPU
		{E4269F35-44B8-47E5-8B27-6D176867642C}.Release|Any CPU.ActiveCfg = Release|Any CPU
		{E4269F35-44B8-47E5-8B27-6D176867642C}.Release|Any CPU.Build.0 = Release|Any CPU
		{F6FD6707-670F-4204-8687-D5D6DA024E80}.Debug|Any CPU.ActiveCfg = Debug|Any CPU
		{F6FD6707-670F-4204-8687-D5D6DA024E80}.Debug|Any CPU.Build.0 = Debug|Any CPU
		{F6FD6707-670F-4204-8687-D5D6DA024E80}.Release|Any CPU.ActiveCfg = Release|Any CPU
		{F6FD6707-670F-4204-8687-D5D6DA024E80}.Release|Any CPU.Build.0 = Release|Any CPU
		{673F01B6-715F-4376-928C-F83951238BFA}.Debug|Any CPU.ActiveCfg = Debug|Any CPU
		{673F01B6-715F-4376-928C-F83951238BFA}.Debug|Any CPU.Build.0 = Debug|Any CPU
		{673F01B6-715F-4376-928C-F83951238BFA}.Release|Any CPU.ActiveCfg = Release|Any CPU
		{673F01B6-715F-4376-928C-F83951238BFA}.Release|Any CPU.Build.0 = Release|Any CPU
		{0A0667CE-977A-41CB-91F5-A43639EBED8E}.Debug|Any CPU.ActiveCfg = Debug|Any CPU
		{0A0667CE-977A-41CB-91F5-A43639EBED8E}.Debug|Any CPU.Build.0 = Debug|Any CPU
		{0A0667CE-977A-41CB-91F5-A43639EBED8E}.Release|Any CPU.ActiveCfg = Release|Any CPU
		{0A0667CE-977A-41CB-91F5-A43639EBED8E}.Release|Any CPU.Build.0 = Release|Any CPU
		{421FB3AF-9CF8-44F4-AB8F-C7295E6EAAC2}.Debug|Any CPU.ActiveCfg = Debug|Any CPU
		{421FB3AF-9CF8-44F4-AB8F-C7295E6EAAC2}.Debug|Any CPU.Build.0 = Debug|Any CPU
		{421FB3AF-9CF8-44F4-AB8F-C7295E6EAAC2}.Release|Any CPU.ActiveCfg = Release|Any CPU
		{421FB3AF-9CF8-44F4-AB8F-C7295E6EAAC2}.Release|Any CPU.Build.0 = Release|Any CPU
		{137DFCAC-0D99-408E-ABEF-3E7EE0FFD10F}.Debug|Any CPU.ActiveCfg = Debug|Any CPU
		{137DFCAC-0D99-408E-ABEF-3E7EE0FFD10F}.Debug|Any CPU.Build.0 = Debug|Any CPU
		{137DFCAC-0D99-408E-ABEF-3E7EE0FFD10F}.Release|Any CPU.ActiveCfg = Release|Any CPU
		{137DFCAC-0D99-408E-ABEF-3E7EE0FFD10F}.Release|Any CPU.Build.0 = Release|Any CPU
	EndGlobalSection
	GlobalSection(SolutionProperties) = preSolution
		HideSolutionNode = FALSE
	EndGlobalSection
	GlobalSection(ExtensibilityGlobals) = postSolution
		SolutionGuid = {16814535-B7C6-4C3C-AB16-FAB54A985699}
	EndGlobalSection
EndGlobal
